// !$*UTF8*$!
{
	archiveVersion = 1;
	classes = {
	};
	objectVersion = 77;
	objects = {

/* Begin PBXContainerItemProxy section */
		7C04F7172FBA057300D2DD28 /* PBXContainerItemProxy */ = {
			isa = PBXContainerItemProxy;
			containerPortal = 7C04F7002FBA057200D2DD28 /* Project object */;
			proxyType = 1;
			remoteGlobalIDString = 7C04F7072FBA057200D2DD28;
			remoteInfo = Tidy;
		};
		7C04F7212FBA057300D2DD28 /* PBXContainerItemProxy */ = {
			isa = PBXContainerItemProxy;
			containerPortal = 7C04F7002FBA057200D2DD28 /* Project object */;
			proxyType = 1;
			remoteGlobalIDString = 7C04F7072FBA057200D2DD28;
			remoteInfo = Tidy;
		};
/* End PBXContainerItemProxy section */

/* Begin PBXFileReference section */
		7C04F7082FBA057200D2DD28 /* Tidy.app */ = {isa = PBXFileReference; explicitFileType = wrapper.application; includeInIndex = 0; path = Tidy.app; sourceTree = BUILT_PRODUCTS_DIR; };
		7C04F7162FBA057300D2DD28 /* TidyTests.xctest */ = {isa = PBXFileReference; explicitFileType = wrapper.cfbundle; includeInIndex = 0; path = TidyTests.xctest; sourceTree = BUILT_PRODUCTS_DIR; };
		7C04F7202FBA057300D2DD28 /* TidyUITests.xctest */ = {isa = PBXFileReference; explicitFileType = wrapper.cfbundle; includeInIndex = 0; path = TidyUITests.xctest; sourceTree = BUILT_PRODUCTS_DIR; };
		7C04F7362FBA066400D2DD28 /* Tidy.xcodeproj */ = {isa = PBXFileReference; lastKnownFileType = "wrapper.pb-project"; path = Tidy.xcodeproj; sourceTree = "<group>"; };
/* End PBXFileReference section */

/* Begin PBXFileSystemSynchronizedRootGroup section */
		7C04F70A2FBA057200D2DD28 /* Tidy */ = {
			isa = PBXFileSystemSynchronizedRootGroup;
			path = Tidy;
			sourceTree = "<group>";
		};
		7C04F7192FBA057300D2DD28 /* TidyTests */ = {
			isa = PBXFileSystemSynchronizedRootGroup;
			path = TidyTests;
			sourceTree = "<group>";
		};
		7C04F7232FBA057300D2DD28 /* TidyUITests */ = {
			isa = PBXFileSystemSynchronizedRootGroup;
			path = TidyUITests;
			sourceTree = "<group>";
		};
/* End PBXFileSystemSynchronizedRootGroup section */

/* Begin PBXFrameworksBuildPhase section */
		7C04F7052FBA057200D2DD28 /* Frameworks */ = {
			isa = PBXFrameworksBuildPhase;
			buildActionMask = 2147483647;
			files = (
			);
			runOnlyForDeploymentPostprocessing = 0;
		};
		7C04F7132FBA057300D2DD28 /* Frameworks */ = {
			isa = PBXFrameworksBuildPhase;
			buildActionMask = 2147483647;
			files = (
			);
			runOnlyForDeploymentPostprocessing = 0;
		};
		7C04F71D2FBA057300D2DD28 /* Frameworks */ = {
			isa = PBXFrameworksBuildPhase;
			buildActionMask = 2147483647;
			files = (
			);
			runOnlyForDeploymentPostprocessing = 0;
		};
/* End PBXFrameworksBuildPhase section */

/* Begin PBXGroup section */
		7C04F6FF2FBA057200D2DD28 = {
			isa = PBXGroup;
			children = (
				7C04F70A2FBA057200D2DD28 /* Tidy */,
				7C04F7192FBA057300D2DD28 /* TidyTests */,
				7C04F7232FBA057300D2DD28 /* TidyUITests */,
				7C04F7092FBA057200D2DD28 /* Products */,
			);
			sourceTree = "<group>";
		};
		7C04F7092FBA057200D2DD28 /* Products */ = {
			isa = PBXGroup;
			children = (
				7C04F7082FBA057200D2DD28 /* Tidy.app */,
				7C04F7162FBA057300D2DD28 /* TidyTests.xctest */,
				7C04F7202FBA057300D2DD28 /* TidyUITests.xctest */,
			);
			name = Products;
			sourceTree = "<group>";
		};
		7C04F7382FBA066400D2DD28 /* Products */ = {
			isa = PBXGroup;
			children = (
			);
			name = Products;
			sourceTree = "<group>";
		};
/* End PBXGroup section */

/* Begin PBXNativeTarget section */
		7C04F7072FBA057200D2DD28 /* Tidy */ = {
			isa = PBXNativeTarget;
			buildConfigurationList = 7C04F72A2FBA057300D2DD28 /* Build configuration list for PBXNativeTarget "Tidy" */;
			buildPhases = (
				7C04F7042FBA057200D2DD28 /* Sources */,
				7C04F7052FBA057200D2DD28 /* Frameworks */,
				7C04F7062FBA057200D2DD28 /* Resources */,
			);
			buildRules = (
			);
			dependencies = (
			);
			fileSystemSynchronizedGroups = (
				7C04F70A2FBA057200D2DD28 /* Tidy */,
			);
			name = Tidy;
			packageProductDependencies = (
			);
			productName = Tidy;
			productReference = 7C04F7082FBA057200D2DD28 /* Tidy.app */;
			productType = "com.apple.product-type.application";
		};
		7C04F7152FBA057300D2DD28 /* TidyTests */ = {
			isa = PBXNativeTarget;
			buildConfigurationList = 7C04F72D2FBA057300D2DD28 /* Build configuration list for PBXNativeTarget "TidyTests" */;
			buildPhases = (
				7C04F7122FBA057300D2DD28 /* Sources */,
				7C04F7132FBA057300D2DD28 /* Frameworks */,
				7C04F7142FBA057300D2DD28 /* Resources */,
			);
			buildRules = (
			);
			dependencies = (
				7C04F7182FBA057300D2DD28 /* PBXTargetDependency */,
			);
			fileSystemSynchronizedGroups = (
				7C04F7192FBA057300D2DD28 /* TidyTests */,
			);
			name = TidyTests;
			packageProductDependencies = (
			);
			productName = TidyTests;
			productReference = 7C04F7162FBA057300D2DD28 /* TidyTests.xctest */;
			productType = "com.apple.product-type.bundle.unit-test";
		};
		7C04F71F2FBA057300D2DD28 /* TidyUITests */ = {
			isa = PBXNativeTarget;
			buildConfigurationList = 7C04F7302FBA057300D2DD28 /* Build configuration list for PBXNativeTarget "TidyUITests" */;
			buildPhases = (
				7C04F71C2FBA057300D2DD28 /* Sources */,
				7C04F71D2FBA057300D2DD28 /* Frameworks */,
				7C04F71E2FBA057300D2DD28 /* Resources */,
			);
			buildRules = (
			);
			dependencies = (
				7C04F7222FBA057300D2DD28 /* PBXTargetDependency */,
			);
			fileSystemSynchronizedGroups = (
				7C04F7232FBA057300D2DD28 /* TidyUITests */,
			);
			name = TidyUITests;
			packageProductDependencies = (
			);
			productName = TidyUITests;
			productReference = 7C04F7202FBA057300D2DD28 /* TidyUITests.xctest */;
			productType = "com.apple.product-type.bundle.ui-testing";
		};
/* End PBXNativeTarget section */

/* Begin PBXProject section */
		7C04F7002FBA057200D2DD28 /* Project object */ = {
			isa = PBXProject;
			attributes = {
				BuildIndependentTargetsInParallel = 1;
				LastSwiftUpdateCheck = 1630;
				LastUpgradeCheck = 1630;
				TargetAttributes = {
					7C04F7072FBA057200D2DD28 = {
						CreatedOnToolsVersion = 16.3;
					};
					7C04F7152FBA057300D2DD28 = {
						CreatedOnToolsVersion = 16.3;
						TestTargetID = 7C04F7072FBA057200D2DD28;
					};
					7C04F71F2FBA057300D2DD28 = {
						CreatedOnToolsVersion = 16.3;
						TestTargetID = 7C04F7072FBA057200D2DD28;
					};
				};
			};
			buildConfigurationList = 7C04F7032FBA057200D2DD28 /* Build configuration list for PBXProject "Tidy" */;
			developmentRegion = en;
			hasScannedForEncodings = 0;
			knownRegions = (
				en,
				Base,
			);
			mainGroup = 7C04F6FF2FBA057200D2DD28;
			minimizedProjectReferenceProxies = 1;
			preferredProjectObjectVersion = 77;
			productRefGroup = 7C04F7092FBA057200D2DD28 /* Products */;
			projectDirPath = "";
			projectReferences = (
				{
					ProductGroup = 7C04F7382FBA066400D2DD28 /* Products */;
					ProjectRef = 7C04F7362FBA066400D2DD28 /* Tidy.xcodeproj */;
				},
			);
			projectRoot = "";
			targets = (
				7C04F7072FBA057200D2DD28 /* Tidy */,
				7C04F7152FBA057300D2DD28 /* TidyTests */,
				7C04F71F2FBA057300D2DD28 /* TidyUITests */,
			);
		};
/* End PBXProject section */

/* Begin PBXResourcesBuildPhase section */
		7C04F7062FBA057200D2DD28 /* Resources */ = {
			isa = PBXResourcesBuildPhase;
			buildActionMask = 2147483647;
			files = (
			);
			runOnlyForDeploymentPostprocessing = 0;
		};
		7C04F7142FBA057300D2DD28 /* Resources */ = {
			isa = PBXResourcesBuildPhase;
			buildActionMask = 2147483647;
			files = (
			);
			runOnlyForDeploymentPostprocessing = 0;
		};
		7C04F71E2FBA057300D2DD28 /* Resources */ = {
			isa = PBXResourcesBuildPhase;
			buildActionMask = 2147483647;
			files = (
			);
			runOnlyForDeploymentPostprocessing = 0;
		};
/* End PBXResourcesBuildPhase section */

/* Begin PBXSourcesBuildPhase section */
		7C04F7042FBA057200D2DD28 /* Sources */ = {
			isa = PBXSourcesBuildPhase;
			buildActionMask = 2147483647;
			files = (
			);
			runOnlyForDeploymentPostprocessing = 0;
		};
		7C04F7122FBA057300D2DD28 /* Sources */ = {
			isa = PBXSourcesBuildPhase;
			buildActionMask = 2147483647;
			files = (
			);
			runOnlyForDeploymentPostprocessing = 0;
		};
		7C04F71C2FBA057300D2DD28 /* Sources */ = {
			isa = PBXSourcesBuildPhase;
			buildActionMask = 2147483647;
			files = (
			);
			runOnlyForDeploymentPostprocessing = 0;
		};
/* End PBXSourcesBuildPhase section */

/* Begin PBXTargetDependency section */
		7C04F7182FBA057300D2DD28 /* PBXTargetDependency */ = {
			isa = PBXTargetDependency;
			target = 7C04F7072FBA057200D2DD28 /* Tidy */;
			targetProxy = 7C04F7172FBA057300D2DD28 /* PBXContainerItemProxy */;
		};
		7C04F7222FBA057300D2DD28 /* PBXTargetDependency */ = {
			isa = PBXTargetDependency;
			target = 7C04F7072FBA057200D2DD28 /* Tidy */;
			targetProxy = 7C04F7212FBA057300D2DD28 /* PBXContainerItemProxy */;
		};
/* End PBXTargetDependency section */

/* Begin XCBuildConfiguration section */
		7C04F7282FBA057300D2DD28 /* Debug */ = {
			isa = XCBuildConfiguration;
			buildSettings = {
				ALWAYS_SEARCH_USER_PATHS = NO;
				ASSETCATALOG_COMPILER_GENERATE_SWIFT_ASSET_SYMBOL_EXTENSIONS = YES;
				CLANG_ANALYZER_NONNULL = YES;
				CLANG_ANALYZER_NUMBER_OBJECT_CONVERSION = YES_AGGRESSIVE;
				CLANG_CXX_LANGUAGE_STANDARD = "gnu++20";
				CLANG_ENABLE_MODULES = YES;
				CLANG_ENABLE_OBJC_ARC = YES;
				CLANG_ENABLE_OBJC_WEAK = YES;
				CLANG_WARN_BLOCK_CAPTURE_AUTORELEASING = YES;
				CLANG_WARN_BOOL_CONVERSION = YES;
				CLANG_WARN_COMMA = YES;
				CLANG_WARN_CONSTANT_CONVERSION = YES;
				CLANG_WARN_DEPRECATED_OBJC_IMPLEMENTATIONS = YES;
				CLANG_WARN_DIRECT_OBJC_ISA_USAGE = YES_ERROR;
				CLANG_WARN_DOCUMENTATION_COMMENTS = YES;
				CLANG_WARN_EMPTY_BODY = YES;
				CLANG_WARN_ENUM_CONVERSION = YES;
				CLANG_WARN_INFINITE_RECURSION = YES;
				CLANG_WARN_INT_CONVERSION = YES;
				CLANG_WARN_NON_LITERAL_NULL_CONVERSION = YES;
				CLANG_WARN_OBJC_IMPLICIT_RETAIN_SELF = YES;
				CLANG_WARN_OBJC_LITERAL_CONVERSION = YES;
				CLANG_WARN_OBJC_ROOT_CLASS = YES_ERROR;
				CLANG_WARN_QUOTED_INCLUDE_IN_FRAMEWORK_HEADER = YES;
				CLANG_WARN_RANGE_LOOP_ANALYSIS = YES;
				CLANG_WARN_STRICT_PROTOTYPES = YES;
				CLANG_WARN_SUSPICIOUS_MOVE = YES;
				CLANG_WARN_UNGUARDED_AVAILABILITY = YES_AGGRESSIVE;
				CLANG_WARN_UNREACHABLE_CODE = YES;
				CLANG_WARN__DUPLICATE_METHOD_MATCH = YES;
				COPY_PHASE_STRIP = NO;
				DEBUG_INFORMATION_FORMAT = dwarf;
				DEVELOPMENT_TEAM = "";
				ENABLE_STRICT_OBJC_MSGSEND = YES;
				ENABLE_TESTABILITY = YES;
				ENABLE_USER_SCRIPT_SANDBOXING = YES;
				GCC_C_LANGUAGE_STANDARD = gnu17;
				GCC_DYNAMIC_NO_PIC = NO;
				GCC_NO_COMMON_BLOCKS = YES;
				GCC_OPTIMIZATION_LEVEL = 0;
				GCC_PREPROCESSOR_DEFINITIONS = (
					"DEBUG=1",
					"$(inherited)",
				);
				GCC_WARN_64_TO_32_BIT_CONVERSION = YES;
				GCC_WARN_ABOUT_RETURN_TYPE = YES_ERROR;
				GCC_WARN_UNDECLARED_SELECTOR = YES;
				GCC_WARN_UNINITIALIZED_AUTOS = YES_AGGRESSIVE;
				GCC_WARN_UNUSED_FUNCTION = YES;
				GCC_WARN_UNUSED_VARIABLE = YES;
				LOCALIZATION_PREFERS_STRING_CATALOGS = YES;
				MACOSX_DEPLOYMENT_TARGET = 15.3;
				MTL_ENABLE_DEBUG_INFO = INCLUDE_SOURCE;
				MTL_FAST_MATH = YES;
				ONLY_ACTIVE_ARCH = YES;
				SDKROOT = macosx;
				SWIFT_ACTIVE_COMPILATION_CONDITIONS = "DEBUG $(inherited)";
				SWIFT_OPTIMIZATION_LEVEL = "-Onone";
			};
			name = Debug;
		};
		7C04F7292FBA057300D2DD28 /* Release */ = {
			isa = XCBuildConfiguration;
			buildSettings = {
				ALWAYS_SEARCH_USER_PATHS = NO;
				ASSETCATALOG_COMPILER_GENERATE_SWIFT_ASSET_SYMBOL_EXTENSIONS = YES;
				CLANG_ANALYZER_NONNULL = YES;
				CLANG_ANALYZER_NUMBER_OBJECT_CONVERSION = YES_AGGRESSIVE;
				CLANG_CXX_LANGUAGE_STANDARD = "gnu++20";
				CLANG_ENABLE_MODULES = YES;
				CLANG_ENABLE_OBJC_ARC = YES;
				CLANG_ENABLE_OBJC_WEAK = YES;
				CLANG_WARN_BLOCK_CAPTURE_AUTORELEASING = YES;
				CLANG_WARN_BOOL_CONVERSION = YES;
				CLANG_WARN_COMMA = YES;
				CLANG_WARN_CONSTANT_CONVERSION = YES;
				CLANG_WARN_DEPRECATED_OBJC_IMPLEMENTATIONS = YES;
				CLANG_WARN_DIRECT_OBJC_ISA_USAGE = YES_ERROR;
				CLANG_WARN_DOCUMENTATION_COMMENTS = YES;
				CLANG_WARN_EMPTY_BODY = YES;
				CLANG_WARN_ENUM_CONVERSION = YES;
				CLANG_WARN_INFINITE_RECURSION = YES;
				CLANG_WARN_INT_CONVERSION = YES;
				CLANG_WARN_NON_LITERAL_NULL_CONVERSION = YES;
				CLANG_WARN_OBJC_IMPLICIT_RETAIN_SELF = YES;
				CLANG_WARN_OBJC_LITERAL_CONVERSION = YES;
				CLANG_WARN_OBJC_ROOT_CLASS = YES_ERROR;
				CLANG_WARN_QUOTED_INCLUDE_IN_FRAMEWORK_HEADER = YES;
				CLANG_WARN_RANGE_LOOP_ANALYSIS = YES;
				CLANG_WARN_STRICT_PROTOTYPES = YES;
				CLANG_WARN_SUSPICIOUS_MOVE = YES;
				CLANG_WARN_UNGUARDED_AVAILABILITY = YES_AGGRESSIVE;
				CLANG_WARN_UNREACHABLE_CODE = YES;
				CLANG_WARN__DUPLICATE_METHOD_MATCH = YES;
				COPY_PHASE_STRIP = NO;
				DEBUG_INFORMATION_FORMAT = "dwarf-with-dsym";
				DEVELOPMENT_TEAM = "";
				ENABLE_NS_ASSERTIONS = NO;
				ENABLE_STRICT_OBJC_MSGSEND = YES;
				ENABLE_USER_SCRIPT_SANDBOXING = YES;
				GCC_C_LANGUAGE_STANDARD = gnu17;
				GCC_NO_COMMON_BLOCKS = YES;
				GCC_WARN_64_TO_32_BIT_CONVERSION = YES;
				GCC_WARN_ABOUT_RETURN_TYPE = YES_ERROR;
				GCC_WARN_UNDECLARED_SELECTOR = YES;
				GCC_WARN_UNINITIALIZED_AUTOS = YES_AGGRESSIVE;
				GCC_WARN_UNUSED_FUNCTION = YES;
				GCC_WARN_UNUSED_VARIABLE = YES;
				LOCALIZATION_PREFERS_STRING_CATALOGS = YES;
				MACOSX_DEPLOYMENT_TARGET = 15.3;
				MTL_ENABLE_DEBUG_INFO = NO;
				MTL_FAST_MATH = YES;
				SDKROOT = macosx;
				SWIFT_COMPILATION_MODE = wholemodule;
			};
			name = Release;
		};
		7C04F72B2FBA057300D2DD28 /* Debug */ = {
			isa = XCBuildConfiguration;
			buildSettings = {
				ASSETCATALOG_COMPILER_APPICON_NAME = AppIcon;
				ASSETCATALOG_COMPILER_GLOBAL_ACCENT_COLOR_NAME = AccentColor;
				CODE_SIGN_ENTITLEMENTS = Tidy/Tidy.entitlements;
				CODE_SIGN_STYLE = Automatic;
				COMBINE_HIDPI_IMAGES = YES;
				CURRENT_PROJECT_VERSION = 1;
				DEVELOPMENT_TEAM = "";
				ENABLE_HARDENED_RUNTIME = YES;
				ENABLE_PREVIEWS = YES;
				GENERATE_INFOPLIST_FILE = YES;
				INFOPLIST_KEY_LSUIElement = NO;
				INFOPLIST_KEY_NSHumanReadableCopyright = "";
				LD_RUNPATH_SEARCH_PATHS = (
					"$(inherited)",
					"@executable_path/../Frameworks",
				);
				MARKETING_VERSION = 1.0;
				OTHER_LDFLAGS = "-lsqlite3";
				PRODUCT_BUNDLE_IDENTIFIER = sinau.Tidy;
				PRODUCT_NAME = "$(TARGET_NAME)";
				REGISTER_APP_GROUPS = YES;
				SWIFT_EMIT_LOC_STRINGS = YES;
				SWIFT_VERSION = 5.0;
			};
			name = Debug;
		};
		7C04F72C2FBA057300D2DD28 /* Release */ = {
			isa = XCBuildConfiguration;
			buildSettings = {
				ASSETCATALOG_COMPILER_APPICON_NAME = AppIcon;
				ASSETCATALOG_COMPILER_GLOBAL_ACCENT_COLOR_NAME = AccentColor;
				CODE_SIGN_ENTITLEMENTS = Tidy/Tidy.entitlements;
				CODE_SIGN_STYLE = Automatic;
				COMBINE_HIDPI_IMAGES = YES;
				CURRENT_PROJECT_VERSION = 1;
				DEVELOPMENT_TEAM = "";
				ENABLE_HARDENED_RUNTIME = YES;
				ENABLE_PREVIEWS = YES;
				GENERATE_INFOPLIST_FILE = YES;
				INFOPLIST_KEY_LSUIElement = NO;
				INFOPLIST_KEY_NSHumanReadableCopyright = "";
				LD_RUNPATH_SEARCH_PATHS = (
					"$(inherited)",
					"@executable_path/../Frameworks",
				);
				MARKETING_VERSION = 1.0;
				OTHER_LDFLAGS = "-lsqlite3";
				PRODUCT_BUNDLE_IDENTIFIER = sinau.Tidy;
				PRODUCT_NAME = "$(TARGET_NAME)";
				REGISTER_APP_GROUPS = YES;
				SWIFT_EMIT_LOC_STRINGS = YES;
				SWIFT_VERSION = 5.0;
			};
			name = Release;
		};
		7C04F72E2FBA057300D2DD28 /* Debug */ = {
			isa = XCBuildConfiguration;
			buildSettings = {
				BUNDLE_LOADER = "$(TEST_HOST)";
				CODE_SIGN_STYLE = Automatic;
				CURRENT_PROJECT_VERSION = 1;
				DEVELOPMENT_TEAM = "";
				GENERATE_INFOPLIST_FILE = YES;
				MACOSX_DEPLOYMENT_TARGET = 15.3;
				MARKETING_VERSION = 1.0;
				PRODUCT_BUNDLE_IDENTIFIER = sinau.TidyTests;
				PRODUCT_NAME = "$(TARGET_NAME)";
				SWIFT_EMIT_LOC_STRINGS = NO;
				SWIFT_VERSION = 5.0;
				TEST_HOST = "$(BUILT_PRODUCTS_DIR)/Tidy.app/$(BUNDLE_EXECUTABLE_FOLDER_PATH)/Tidy";
			};
			name = Debug;
		};
		7C04F72F2FBA057300D2DD28 /* Release */ = {
			isa = XCBuildConfiguration;
			buildSettings = {
				BUNDLE_LOADER = "$(TEST_HOST)";
				CODE_SIGN_STYLE = Automatic;
				CURRENT_PROJECT_VERSION = 1;
				DEVELOPMENT_TEAM = "";
				GENERATE_INFOPLIST_FILE = YES;
				MACOSX_DEPLOYMENT_TARGET = 15.3;
				MARKETING_VERSION = 1.0;
				PRODUCT_BUNDLE_IDENTIFIER = sinau.TidyTests;
				PRODUCT_NAME = "$(TARGET_NAME)";
				SWIFT_EMIT_LOC_STRINGS = NO;
				SWIFT_VERSION = 5.0;
				TEST_HOST = "$(BUILT_PRODUCTS_DIR)/Tidy.app/$(BUNDLE_EXECUTABLE_FOLDER_PATH)/Tidy";
			};
			name = Release;
		};
		7C04F7312FBA057300D2DD28 /* Debug */ = {
			isa = XCBuildConfiguration;
			buildSettings = {
				CODE_SIGN_STYLE = Automatic;
				CURRENT_PROJECT_VERSION = 1;
				DEVELOPMENT_TEAM = "";
				GENERATE_INFOPLIST_FILE = YES;
				MARKETING_VERSION = 1.0;
				PRODUCT_BUNDLE_IDENTIFIER = sinau.TidyUITests;
				PRODUCT_NAME = "$(TARGET_NAME)";
				SWIFT_EMIT_LOC_STRINGS = NO;
				SWIFT_VERSION = 5.0;
				TEST_TARGET_NAME = Tidy;
			};
			name = Debug;
		};
		7C04F7322FBA057300D2DD28 /* Release */ = {
			isa = XCBuildConfiguration;
			buildSettings = {
				CODE_SIGN_STYLE = Automatic;
				CURRENT_PROJECT_VERSION = 1;
				DEVELOPMENT_TEAM = "";
				GENERATE_INFOPLIST_FILE = YES;
				MARKETING_VERSION = 1.0;
				PRODUCT_BUNDLE_IDENTIFIER = sinau.TidyUITests;
				PRODUCT_NAME = "$(TARGET_NAME)";
				SWIFT_EMIT_LOC_STRINGS = NO;
				SWIFT_VERSION = 5.0;
				TEST_TARGET_NAME = Tidy;
			};
			name = Release;
		};
/* End XCBuildConfiguration section */

/* Begin XCConfigurationList section */
		7C04F7032FBA057200D2DD28 /* Build configuration list for PBXProject "Tidy" */ = {
			isa = XCConfigurationList;
			buildConfigurations = (
				7C04F7282FBA057300D2DD28 /* Debug */,
				7C04F7292FBA057300D2DD28 /* Release */,
			);
			defaultConfigurationIsVisible = 0;
			defaultConfigurationName = Release;
		};
		7C04F72A2FBA057300D2DD28 /* Build configuration list for PBXNativeTarget "Tidy" */ = {
			isa = XCConfigurationList;
			buildConfigurations = (
				7C04F72B2FBA057300D2DD28 /* Debug */,
				7C04F72C2FBA057300D2DD28 /* Release */,
			);
			defaultConfigurationIsVisible = 0;
			defaultConfigurationName = Release;
		};
		7C04F72D2FBA057300D2DD28 /* Build configuration list for PBXNativeTarget "TidyTests" */ = {
			isa = XCConfigurationList;
			buildConfigurations = (
				7C04F72E2FBA057300D2DD28 /* Debug */,
				7C04F72F2FBA057300D2DD28 /* Release */,
			);
			defaultConfigurationIsVisible = 0;
			defaultConfigurationName = Release;
		};
		7C04F7302FBA057300D2DD28 /* Build configuration list for PBXNativeTarget "TidyUITests" */ = {
			isa = XCConfigurationList;
			buildConfigurations = (
				7C04F7312FBA057300D2DD28 /* Debug */,
				7C04F7322FBA057300D2DD28 /* Release */,
			);
			defaultConfigurationIsVisible = 0;
			defaultConfigurationName = Release;
		};
/* End XCConfigurationList section */
	};
	rootObject = 7C04F7002FBA057200D2DD28 /* Project object */;
}
